hash: b6b51293ef7a1aafe998552a0584d874d26be1eb2e886b5b757b0e2737e066f5
updated: 2019-01-31T10:16:34.184457671+06:00
imports:
- name: github.com/go-xorm/builder
  version: 1d658d7596c25394aab557ef5b50ef35bf706384
- name: github.com/go-xorm/core
  version: ccc80c1adf1f6172bbc548877f50a1163041a40a
- name: github.com/go-xorm/xorm
  version: af992d69a73377c034eb9f4c6cd75eb08da18e4f
- name: github.com/lib/pq
  version: 9eb73efc1fcc404148b56765b0d3f61d9a5ef8ee
  subpackages:
  - oid
testImports: []
